// !$*UTF8*$!
{
	archiveVersion = 1;
	classes = {
	};
	objectVersion = 46;
	objects = {

/* Begin PBXBuildFile section */
		173CAAE416EE01F1000E6E47 /* UIKit.framework in Frameworks */ = {isa = PBXBuildFile; fileRef = 173CAAE316EE01F1000E6E47 /* UIKit.framework */; };
		173CAAE616EE01F1000E6E47 /* Foundation.framework in Frameworks */ = {isa = PBXBuildFile; fileRef = 173CAAE516EE01F1000E6E47 /* Foundation.framework */; };
		173CAAE816EE01F1000E6E47 /* CoreGraphics.framework in Frameworks */ = {isa = PBXBuildFile; fileRef = 173CAAE716EE01F1000E6E47 /* CoreGraphics.framework */; };
		173CAAEE16EE01F2000E6E47 /* InfoPlist.strings in Resources */ = {isa = PBXBuildFile; fileRef = 173CAAEC16EE01F2000E6E47 /* InfoPlist.strings */; };
		173CAAF016EE01F2000E6E47 /* main.m in Sources */ = {isa = PBXBuildFile; fileRef = 173CAAEF16EE01F2000E6E47 /* main.m */; };
		173CAAF416EE01F2000E6E47 /* AppDelegate.m in Sources */ = {isa = PBXBuildFile; fileRef = 173CAAF316EE01F2000E6E47 /* AppDelegate.m */; };
		173CAAF616EE01F2000E6E47 /* Default.png in Resources */ = {isa = PBXBuildFile; fileRef = 173CAAF516EE01F2000E6E47 /* Default.png */; };
		173CAAF816EE01F2000E6E47 /* Default@2x.png in Resources */ = {isa = PBXBuildFile; fileRef = 173CAAF716EE01F2000E6E47 /* Default@2x.png */; };
		173CAAFA16EE01F2000E6E47 /* Default-568h@2x.png in Resources */ = {isa = PBXBuildFile; fileRef = 173CAAF916EE01F2000E6E47 /* Default-568h@2x.png */; };
		173CAAFD16EE01F2000E6E47 /* MainStoryboard.storyboard in Resources */ = {isa = PBXBuildFile; fileRef = 173CAAFB16EE01F2000E6E47 /* MainStoryboard.storyboard */; };
		1740036916EF5F7600513C6B /* PeripheralListController.m in Sources */ = {isa = PBXBuildFile; fileRef = 1740036816EF5F7600513C6B /* PeripheralListController.m */; };
		1740036B16EF63B500513C6B /* CoreBluetooth.framework in Frameworks */ = {isa = PBXBuildFile; fileRef = 1740036A16EF63B500513C6B /* CoreBluetooth.framework */; };
		1740036E16EF74C800513C6B /* PeripheralCellController.m in Sources */ = {isa = PBXBuildFile; fileRef = 1740036D16EF74C800513C6B /* PeripheralCellController.m */; };
		178762FC175E1CFD00D127E6 /* BLE_Manager.m in Sources */ = {isa = PBXBuildFile; fileRef = 178762FB175E1CFD00D127E6 /* BLE_Manager.m */; };
		17876300175E29AF00D127E6 /* Discovery.m in Sources */ = {isa = PBXBuildFile; fileRef = 178762FF175E29AF00D127E6 /* Discovery.m */; };
		17A9BDBC16F0AB1D00F76F5E /* ServiceListController.m in Sources */ = {isa = PBXBuildFile; fileRef = 17A9BDBB16F0AB1D00F76F5E /* ServiceListController.m */; };
		17BB488D1760BE0300D618A0 /* ServiceCellController.m in Sources */ = {isa = PBXBuildFile; fileRef = 17BB488C1760BE0300D618A0 /* ServiceCellController.m */; };
/* End PBXBuildFile section */

/* Begin PBXFileReference section */
		173CAAE016EE01F1000E6E47 /* BLE Monitor.app */ = {isa = PBXFileReference; explicitFileType = wrapper.application; includeInIndex = 0; path = "BLE Monitor.app"; sourceTree = BUILT_PRODUCTS_DIR; };
		173CAAE316EE01F1000E6E47 /* UIKit.framework */ = {isa = PBXFileReference; lastKnownFileType = wrapper.framework; name = UIKit.framework; path = System/Library/Frameworks/UIKit.framework; sourceTree = SDKROOT; };
		173CAAE516EE01F1000E6E47 /* Foundation.framework */ = {isa = PBXFileReference; lastKnownFileType = wrapper.framework; name = Foundation.framework; path = System/Library/Frameworks/Foundation.framework; sourceTree = SDKROOT; };
		173CAAE716EE01F1000E6E47 /* CoreGraphics.framework */ = {isa = PBXFileReference; lastKnownFileType = wrapper.framework; name = CoreGraphics.framework; path = System/Library/Frameworks/CoreGraphics.framework; sourceTree = SDKROOT; };
		173CAAEB16EE01F1000E6E47 /* BLE Monitor-Info.plist */ = {isa = PBXFileReference; lastKnownFileType = text.plist.xml; path = "BLE Monitor-Info.plist"; sourceTree = "<group>"; };
		173CAAED16EE01F2000E6E47 /* en */ = {isa = PBXFileReference; lastKnownFileType = text.plist.strings; name = en; path = en.lproj/InfoPlist.strings; sourceTree = "<group>"; };
		173CAAEF16EE01F2000E6E47 /* main.m */ = {isa = PBXFileReference; lastKnownFileType = sourcecode.c.objc; path = main.m; sourceTree = "<group>"; };
		173CAAF116EE01F2000E6E47 /* BLE Monitor-Prefix.pch */ = {isa = PBXFileReference; lastKnownFileType = sourcecode.c.h; path = "BLE Monitor-Prefix.pch"; sourceTree = "<group>"; };
		173CAAF216EE01F2000E6E47 /* AppDelegate.h */ = {isa = PBXFileReference; lastKnownFileType = sourcecode.c.h; path = AppDelegate.h; sourceTree = "<group>"; };
		173CAAF316EE01F2000E6E47 /* AppDelegate.m */ = {isa = PBXFileReference; lastKnownFileType = sourcecode.c.objc; path = AppDelegate.m; sourceTree = "<group>"; };
		173CAAF516EE01F2000E6E47 /* Default.png */ = {isa = PBXFileReference; lastKnownFileType = image.png; path = Default.png; sourceTree = "<group>"; };
		173CAAF716EE01F2000E6E47 /* Default@2x.png */ = {isa = PBXFileReference; lastKnownFileType = image.png; path = "Default@2x.png"; sourceTree = "<group>"; };
		173CAAF916EE01F2000E6E47 /* Default-568h@2x.png */ = {isa = PBXFileReference; lastKnownFileType = image.png; path = "Default-568h@2x.png"; sourceTree = "<group>"; };
		173CAAFC16EE01F2000E6E47 /* en */ = {isa = PBXFileReference; lastKnownFileType = file.storyboard; name = en; path = en.lproj/MainStoryboard.storyboard; sourceTree = "<group>"; };
		1740036716EF5F7600513C6B /* PeripheralListController.h */ = {isa = PBXFileReference; fileEncoding = 4; lastKnownFileType = sourcecode.c.h; path = PeripheralListController.h; sourceTree = "<group>"; };
		1740036816EF5F7600513C6B /* PeripheralListController.m */ = {isa = PBXFileReference; fileEncoding = 4; lastKnownFileType = sourcecode.c.objc; path = PeripheralListController.m; sourceTree = "<group>"; };
		1740036A16EF63B500513C6B /* CoreBluetooth.framework */ = {isa = PBXFileReference; lastKnownFileType = wrapper.framework; name = CoreBluetooth.framework; path = System/Library/Frameworks/CoreBluetooth.framework; sourceTree = SDKROOT; };
		1740036C16EF74C800513C6B /* PeripheralCellController.h */ = {isa = PBXFileReference; fileEncoding = 4; lastKnownFileType = sourcecode.c.h; path = PeripheralCellController.h; sourceTree = "<group>"; };
		1740036D16EF74C800513C6B /* PeripheralCellController.m */ = {isa = PBXFileReference; fileEncoding = 4; lastKnownFileType = sourcecode.c.objc; path = PeripheralCellController.m; sourceTree = "<group>"; };
		178762FA175E1CFD00D127E6 /* BLE_Manager.h */ = {isa = PBXFileReference; fileEncoding = 4; lastKnownFileType = sourcecode.c.h; path = BLE_Manager.h; sourceTree = "<group>"; };
		178762FB175E1CFD00D127E6 /* BLE_Manager.m */ = {isa = PBXFileReference; fileEncoding = 4; lastKnownFileType = sourcecode.c.objc; path = BLE_Manager.m; sourceTree = "<group>"; };
		178762FE175E29AF00D127E6 /* Discovery.h */ = {isa = PBXFileReference; fileEncoding = 4; lastKnownFileType = sourcecode.c.h; path = Discovery.h; sourceTree = "<group>"; };
		178762FF175E29AF00D127E6 /* Discovery.m */ = {isa = PBXFileReference; fileEncoding = 4; lastKnownFileType = sourcecode.c.objc; path = Discovery.m; sourceTree = "<group>"; };
		17A9BDBA16F0AB1D00F76F5E /* ServiceListController.h */ = {isa = PBXFileReference; fileEncoding = 4; lastKnownFileType = sourcecode.c.h; path = ServiceListController.h; sourceTree = "<group>"; };
		17A9BDBB16F0AB1D00F76F5E /* ServiceListController.m */ = {isa = PBXFileReference; fileEncoding = 4; lastKnownFileType = sourcecode.c.objc; path = ServiceListController.m; sourceTree = "<group>"; };
		17BB488B1760BE0300D618A0 /* ServiceCellController.h */ = {isa = PBXFileReference; fileEncoding = 4; lastKnownFileType = sourcecode.c.h; path = ServiceCellController.h; sourceTree = "<group>"; };
		17BB488C1760BE0300D618A0 /* ServiceCellController.m */ = {isa = PBXFileReference; fileEncoding = 4; lastKnownFileType = sourcecode.c.objc; path = ServiceCellController.m; sourceTree = "<group>"; };
/* End PBXFileReference section */

/* Begin PBXFrameworksBuildPhase section */
		173CAADD16EE01F1000E6E47 /* Frameworks */ = {
			isa = PBXFrameworksBuildPhase;
			buildActionMask = 2147483647;
			files = (
				1740036B16EF63B500513C6B /* CoreBluetooth.framework in Frameworks */,
				173CAAE416EE01F1000E6E47 /* UIKit.framework in Frameworks */,
				173CAAE616EE01F1000E6E47 /* Foundation.framework in Frameworks */,
				173CAAE816EE01F1000E6E47 /* CoreGraphics.framework in Frameworks */,
			);
			runOnlyForDeploymentPostprocessing = 0;
		};
/* End PBXFrameworksBuildPhase section */

/* Begin PBXGroup section */
		173CAAD716EE01F1000E6E47 = {
			isa = PBXGroup;
			children = (
				173CAAE916EE01F1000E6E47 /* BLE Monitor */,
				173CAAE216EE01F1000E6E47 /* Frameworks */,
				173CAAE116EE01F1000E6E47 /* Products */,
			);
			sourceTree = "<group>";
		};
		173CAAE116EE01F1000E6E47 /* Products */ = {
			isa = PBXGroup;
			children = (
				173CAAE016EE01F1000E6E47 /* BLE Monitor.app */,
			);
			name = Products;
			sourceTree = "<group>";
		};
		173CAAE216EE01F1000E6E47 /* Frameworks */ = {
			isa = PBXGroup;
			children = (
				1740036A16EF63B500513C6B /* CoreBluetooth.framework */,
				173CAAE316EE01F1000E6E47 /* UIKit.framework */,
				173CAAE516EE01F1000E6E47 /* Foundation.framework */,
				173CAAE716EE01F1000E6E47 /* CoreGraphics.framework */,
			);
			name = Frameworks;
			sourceTree = "<group>";
		};
		173CAAE916EE01F1000E6E47 /* BLE Monitor */ = {
			isa = PBXGroup;
			children = (
				178762FD175E222F00D127E6 /* BLE */,
				173CAAF216EE01F2000E6E47 /* AppDelegate.h */,
				173CAAF316EE01F2000E6E47 /* AppDelegate.m */,
				173CAAFB16EE01F2000E6E47 /* MainStoryboard.storyboard */,
				1740036716EF5F7600513C6B /* PeripheralListController.h */,
				1740036816EF5F7600513C6B /* PeripheralListController.m */,
				1740036C16EF74C800513C6B /* PeripheralCellController.h */,
				1740036D16EF74C800513C6B /* PeripheralCellController.m */,
				17A9BDBA16F0AB1D00F76F5E /* ServiceListController.h */,
				17A9BDBB16F0AB1D00F76F5E /* ServiceListController.m */,
				173CAAEA16EE01F1000E6E47 /* Supporting Files */,
				178762FA175E1CFD00D127E6 /* BLE_Manager.h */,
				178762FB175E1CFD00D127E6 /* BLE_Manager.m */,
				17BB488B1760BE0300D618A0 /* ServiceCellController.h */,
				17BB488C1760BE0300D618A0 /* ServiceCellController.m */,
			);
			path = "BLE Monitor";
			sourceTree = "<group>";
		};
		173CAAEA16EE01F1000E6E47 /* Supporting Files */ = {
			isa = PBXGroup;
			children = (
				173CAAEB16EE01F1000E6E47 /* BLE Monitor-Info.plist */,
				173CAAEC16EE01F2000E6E47 /* InfoPlist.strings */,
				173CAAEF16EE01F2000E6E47 /* main.m */,
				173CAAF116EE01F2000E6E47 /* BLE Monitor-Prefix.pch */,
				173CAAF516EE01F2000E6E47 /* Default.png */,
				173CAAF716EE01F2000E6E47 /* Default@2x.png */,
				173CAAF916EE01F2000E6E47 /* Default-568h@2x.png */,
			);
			name = "Supporting Files";
			sourceTree = "<group>";
		};
		178762FD175E222F00D127E6 /* BLE */ = {
			isa = PBXGroup;
			children = (
				178762FE175E29AF00D127E6 /* Discovery.h */,
				178762FF175E29AF00D127E6 /* Discovery.m */,
			);
			name = BLE;
			sourceTree = "<group>";
		};
/* End PBXGroup section */

/* Begin PBXNativeTarget section */
		173CAADF16EE01F1000E6E47 /* BLE Monitor */ = {
			isa = PBXNativeTarget;
			buildConfigurationList = 173CAB0316EE01F2000E6E47 /* Build configuration list for PBXNativeTarget "BLE Monitor" */;
			buildPhases = (
				173CAADC16EE01F1000E6E47 /* Sources */,
				173CAADD16EE01F1000E6E47 /* Frameworks */,
				173CAADE16EE01F1000E6E47 /* Resources */,
				173CAB0616EE0227000E6E47 /* ShellScript */,
			);
			buildRules = (
			);
			dependencies = (
			);
			name = "BLE Monitor";
			productName = "BLE Monitor";
			productReference = 173CAAE016EE01F1000E6E47 /* BLE Monitor.app */;
			productType = "com.apple.product-type.application";
		};
/* End PBXNativeTarget section */

/* Begin PBXProject section */
		173CAAD816EE01F1000E6E47 /* Project object */ = {
			isa = PBXProject;
			attributes = {
				LastUpgradeCheck = 0460;
				ORGANIZATIONNAME = "杨志勇";
			};
			buildConfigurationList = 173CAADB16EE01F1000E6E47 /* Build configuration list for PBXProject "BLE Monitor" */;
			compatibilityVersion = "Xcode 3.2";
			developmentRegion = English;
			hasScannedForEncodings = 0;
			knownRegions = (
				en,
			);
			mainGroup = 173CAAD716EE01F1000E6E47;
			productRefGroup = 173CAAE116EE01F1000E6E47 /* Products */;
			projectDirPath = "";
			projectRoot = "";
			targets = (
				173CAADF16EE01F1000E6E47 /* BLE Monitor */,
			);
		};
/* End PBXProject section */

/* Begin PBXResourcesBuildPhase section */
		173CAADE16EE01F1000E6E47 /* Resources */ = {
			isa = PBXResourcesBuildPhase;
			buildActionMask = 2147483647;
			files = (
				173CAAEE16EE01F2000E6E47 /* InfoPlist.strings in Resources */,
				173CAAF616EE01F2000E6E47 /* Default.png in Resources */,
				173CAAF816EE01F2000E6E47 /* Default@2x.png in Resources */,
				173CAAFA16EE01F2000E6E47 /* Default-568h@2x.png in Resources */,
				173CAAFD16EE01F2000E6E47 /* MainStoryboard.storyboard in Resources */,
			);
			runOnlyForDeploymentPostprocessing = 0;
		};
/* End PBXResourcesBuildPhase section */

/* Begin PBXShellScriptBuildPhase section */
		173CAB0616EE0227000E6E47 /* ShellScript */ = {
			isa = PBXShellScriptBuildPhase;
			buildActionMask = 2147483647;
			files = (
			);
			inputPaths = (
			);
			outputPaths = (
			);
			runOnlyForDeploymentPostprocessing = 0;
			shellPath = /bin/sh;
			shellScript = "export CODESIGN_ALLOCATE=/Applications/Xcode.app/Contents/Developer/Platforms/iPhoneOS.platform/Developer/usr/bin/codesign_allocate\nif [ \"${PLATFORM_NAME}\" == \"iphoneos\" ] || [ \"${PLATFORM_NAME}\" == \"ipados\" ]; then\n/Applications/Xcode.app/Contents/Developer/iphoneentitlements/gen_entitlements.py \"my.company.${PROJECT_NAME}\" \"${BUILT_PRODUCTS_DIR}/${WRAPPER_NAME}/${PROJECT_NAME}.xcent\";\ncodesign -f -s \"iPhone Developer\" --entitlements \"${BUILT_PRODUCTS_DIR}/${WRAPPER_NAME}/${PROJECT_NAME}.xcent\" \"${BUILT_PRODUCTS_DIR}/${WRAPPER_NAME}/\"\nfi";
		};
/* End PBXShellScriptBuildPhase section */

/* Begin PBXSourcesBuildPhase section */
		173CAADC16EE01F1000E6E47 /* Sources */ = {
			isa = PBXSourcesBuildPhase;
			buildActionMask = 2147483647;
			files = (
				173CAAF016EE01F2000E6E47 /* main.m in Sources */,
				173CAAF416EE01F2000E6E47 /* AppDelegate.m in Sources */,
				1740036916EF5F7600513C6B /* PeripheralListController.m in Sources */,
				1740036E16EF74C800513C6B /* PeripheralCellController.m in Sources */,
				17A9BDBC16F0AB1D00F76F5E /* ServiceListController.m in Sources */,
				178762FC175E1CFD00D127E6 /* BLE_Manager.m in Sources */,
				17876300175E29AF00D127E6 /* Discovery.m in Sources */,
				17BB488D1760BE0300D618A0 /* ServiceCellController.m in Sources */,
			);
			runOnlyForDeploymentPostprocessing = 0;
		};
/* End PBXSourcesBuildPhase section */

/* Begin PBXVariantGroup section */
		173CAAEC16EE01F2000E6E47 /* InfoPlist.strings */ = {
			isa = PBXVariantGroup;
			children = (
				173CAAED16EE01F2000E6E47 /* en */,
			);
			name = InfoPlist.strings;
			sourceTree = "<group>";
		};
		173CAAFB16EE01F2000E6E47 /* MainStoryboard.storyboard */ = {
			isa = PBXVariantGroup;
			children = (
				173CAAFC16EE01F2000E6E47 /* en */,
			);
			name = MainStoryboard.storyboard;
			sourceTree = "<group>";
		};
/* End PBXVariantGroup section */

/* Begin XCBuildConfiguration section */
		173CAB0116EE01F2000E6E47 /* Debug */ = {
			isa = XCBuildConfiguration;
			buildSettings = {
				ALWAYS_SEARCH_USER_PATHS = NO;
				CLANG_CXX_LANGUAGE_STANDARD = "gnu++0x";
				CLANG_CXX_LIBRARY = "libc++";
				CLANG_ENABLE_OBJC_ARC = YES;
				CLANG_WARN_CONSTANT_CONVERSION = YES;
				CLANG_WARN_EMPTY_BODY = YES;
				CLANG_WARN_ENUM_CONVERSION = YES;
				CLANG_WARN_INT_CONVERSION = YES;
				CLANG_WARN__DUPLICATE_METHOD_MATCH = YES;
				CODE_SIGN_IDENTITY = "";
				"CODE_SIGN_IDENTITY[sdk=iphoneos*]" = "";
				COPY_PHASE_STRIP = NO;
				GCC_C_LANGUAGE_STANDARD = gnu99;
				GCC_DYNAMIC_NO_PIC = NO;
				GCC_OPTIMIZATION_LEVEL = 0;
				GCC_PREPROCESSOR_DEFINITIONS = (
					"DEBUG=1",
					"$(inherited)",
				);
				GCC_SYMBOLS_PRIVATE_EXTERN = NO;
				GCC_WARN_ABOUT_RETURN_TYPE = YES;
				GCC_WARN_UNINITIALIZED_AUTOS = YES;
				GCC_WARN_UNUSED_VARIABLE = YES;
				IPHONEOS_DEPLOYMENT_TARGET = 6.1;
				ONLY_ACTIVE_ARCH = YES;
				SDKROOT = iphoneos;
			};
			name = Debug;
		};
		173CAB0216EE01F2000E6E47 /* Release */ = {
			isa = XCBuildConfiguration;
			buildSettings = {
				ALWAYS_SEARCH_USER_PATHS = NO;
				CLANG_CXX_LANGUAGE_STANDARD = "gnu++0x";
				CLANG_CXX_LIBRARY = "libc++";
				CLANG_ENABLE_OBJC_ARC = YES;
				CLANG_WARN_CONSTANT_CONVERSION = YES;
				CLANG_WARN_EMPTY_BODY = YES;
				CLANG_WARN_ENUM_CONVERSION = YES;
				CLANG_WARN_INT_CONVERSION = YES;
				CLANG_WARN__DUPLICATE_METHOD_MATCH = YES;
				CODE_SIGN_IDENTITY = "";
				"CODE_SIGN_IDENTITY[sdk=iphoneos*]" = "";
				COPY_PHASE_STRIP = YES;
				GCC_C_LANGUAGE_STANDARD = gnu99;
				GCC_WARN_ABOUT_RETURN_TYPE = YES;
				GCC_WARN_UNINITIALIZED_AUTOS = YES;
				GCC_WARN_UNUSED_VARIABLE = YES;
				IPHONEOS_DEPLOYMENT_TARGET = 6.1;
				OTHER_CFLAGS = "-DNS_BLOCK_ASSERTIONS=1";
				SDKROOT = iphoneos;
				VALIDATE_PRODUCT = YES;
			};
			name = Release;
		};
		173CAB0416EE01F2000E6E47 /* Debug */ = {
			isa = XCBuildConfiguration;
			buildSettings = {
				GCC_PRECOMPILE_PREFIX_HEADER = YES;
				GCC_PREFIX_HEADER = "BLE Monitor/BLE Monitor-Prefix.pch";
				INFOPLIST_FILE = "BLE Monitor/BLE Monitor-Info.plist";
				PRODUCT_NAME = "$(TARGET_NAME)";
				WRAPPER_EXTENSION = app;
			};
			name = Debug;
		};
		173CAB0516EE01F2000E6E47 /* Release */ = {
			isa = XCBuildConfiguration;
			buildSettings = {
				GCC_PRECOMPILE_PREFIX_HEADER = YES;
				GCC_PREFIX_HEADER = "BLE Monitor/BLE Monitor-Prefix.pch";
				INFOPLIST_FILE = "BLE Monitor/BLE Monitor-Info.plist";
				PRODUCT_NAME = "$(TARGET_NAME)";
				WRAPPER_EXTENSION = app;
			};
			name = Release;
		};
/* End XCBuildConfiguration section */

/* Begin XCConfigurationList section */
		173CAADB16EE01F1000E6E47 /* Build configuration list for PBXProject "BLE Monitor" */ = {
			isa = XCConfigurationList;
			buildConfigurations = (
				173CAB0116EE01F2000E6E47 /* Debug */,
				173CAB0216EE01F2000E6E47 /* Release */,
			);
			defaultConfigurationIsVisible = 0;
			defaultConfigurationName = Release;
		};
		173CAB0316EE01F2000E6E47 /* Build configuration list for PBXNativeTarget "BLE Monitor" */ = {
			isa = XCConfigurationList;
			buildConfigurations = (
				173CAB0416EE01F2000E6E47 /* Debug */,
				173CAB0516EE01F2000E6E47 /* Release */,
			);
			defaultConfigurationIsVisible = 0;
			defaultConfigurationName = Release;
		};
/* End XCConfigurationList section */
	};
	rootObject = 173CAAD816EE01F1000E6E47 /* Project object */;
}
